{
  "object": {
    "pins": [
      {
        "package": "CoreExtensions",
        "repositoryURL": "https://github.com/aetherealtech/SwiftCoreExtensions.git",
        "state": {
          "branch": "master",
          "revision": "242842a867df017a91c58d1b684ce375684e4951",
          "version": null
        }
      },
      {
        "package": "Observer",
        "repositoryURL": "https://github.com/aetherealtech/SwiftObserver.git",
        "state": {
          "branch": "master",
          "revision": "4c35dc32935467095111a7d587f7b3ed95512881",
          "version": null
        }
      }
    ]
  },
  "version": 1
}
